
Microsoft Visual Studio Solution File, Format Version 12.00
# Visual Studio 15
Project("{FAE04EC0-301F-11D3-BF4B-00C04F79EFBC}") = "Assembly-CSharp", "Assembly-CSharp.csproj", "{7394A139-5606-1B28-B242-7A471DB28622}"
EndProject
Project("{FAE04EC0-301F-11D3-BF4B-00C04F79EFBC}") = "Assembly-CSharp-Editor", "Assembly-CSharp-Editor.csproj", "{6623840A-F396-1321-7C74-D5A4D67D2E89}"
EndProject
Global
	GlobalSection(SolutionConfigurationPlatforms) = preSolution
		Debug|Any CPU = Debug|Any CPU
		Release|Any CPU = Release|Any CPU
	EndGlobalSection
	GlobalSection(ProjectConfigurationPlatforms) = postSolution
		{7394A139-5606-1B28-B242-7A471DB28622}.Debug|Any CPU.ActiveCfg = Debug|Any CPU
		{7394A139-5606-1B28-B242-7A471DB28622}.Debug|Any CPU.Build.0 = Debug|Any CPU
		{7394A139-5606-1B28-B242-7A471DB28622}.Release|Any CPU.ActiveCfg = Release|Any CPU
		{7394A139-5606-1B28-B242-7A471DB28622}.Release|Any CPU.Build.0 = Release|Any CPU
		{6623840A-F396-1321-7C74-D5A4D67D2E89}.Debug|Any CPU.ActiveCfg = Debug|Any CPU
		{6623840A-F396-1321-7C74-D5A4D67D2E89}.Debug|Any CPU.Build.0 = Debug|Any CPU
		{6623840A-F396-1321-7C74-D5A4D67D2E89}.Release|Any CPU.ActiveCfg = Release|Any CPU
		{6623840A-F396-1321-7C74-D5A4D67D2E89}.Release|Any CPU.Build.0 = Release|Any CPU
	EndGlobalSection
	GlobalSection(SolutionProperties) = preSolution
		HideSolutionNode = FALSE
	EndGlobalSection
EndGlobal
